
Microsoft Visual Studio Solution File, Format Version 12.00
# Visual Studio Version 17
VisualStudioVersion = 17.0.31903.59
MinimumVisualStudioVersion = 10.0.40219.1
Project("{2150E333-8FDC-42A3-9474-1A3956D46DE8}") = "src", "src", "{6AEAF43E-4665-4092-9103-9F649D6E1C0C}"
EndProject
Project("{FAE04EC0-301F-11D3-BF4B-00C04F79EFBC}") = "GenericCourses.Application", "src\GenericCourses.Application\GenericCourses.Application.csproj", "{0F097968-D143-4B8A-AC00-D250181F89EC}"
EndProject
Project("{FAE04EC0-301F-11D3-BF4B-00C04F79EFBC}") = "GenericCourses.Domain", "src\GenericCourses.Domain\GenericCourses.Domain.csproj", "{8214EB0D-AD0E-47CA-91B7-3323EFE8F1BB}"
EndProject
Project("{FAE04EC0-301F-11D3-BF4B-00C04F79EFBC}") = "GenericCourses.Infra", "src\GenericCourses.Infra\GenericCourses.Infra.csproj", "{B6896B9D-9966-4332-BF8E-026087E34101}"
EndProject
Project("{FAE04EC0-301F-11D3-BF4B-00C04F79EFBC}") = "GenericCourses.Web", "src\GenericCourses.Web\GenericCourses.Web.csproj", "{3D8E95C1-1704-4ECF-82B5-BB3CAFD54430}"
EndProject
Global
	GlobalSection(SolutionConfigurationPlatforms) = preSolution
		Debug|Any CPU = Debug|Any CPU
		Release|Any CPU = Release|Any CPU
	EndGlobalSection
	GlobalSection(SolutionProperties) = preSolution
		HideSolutionNode = FALSE
	EndGlobalSection
	GlobalSection(ProjectConfigurationPlatforms) = postSolution
		{0F097968-D143-4B8A-AC00-D250181F89EC}.Debug|Any CPU.ActiveCfg = Debug|Any CPU
		{0F097968-D143-4B8A-AC00-D250181F89EC}.Debug|Any CPU.Build.0 = Debug|Any CPU
		{0F097968-D143-4B8A-AC00-D250181F89EC}.Release|Any CPU.ActiveCfg = Release|Any CPU
		{0F097968-D143-4B8A-AC00-D250181F89EC}.Release|Any CPU.Build.0 = Release|Any CPU
		{8214EB0D-AD0E-47CA-91B7-3323EFE8F1BB}.Debug|Any CPU.ActiveCfg = Debug|Any CPU
		{8214EB0D-AD0E-47CA-91B7-3323EFE8F1BB}.Debug|Any CPU.Build.0 = Debug|Any CPU
		{8214EB0D-AD0E-47CA-91B7-3323EFE8F1BB}.Release|Any CPU.ActiveCfg = Release|Any CPU
		{8214EB0D-AD0E-47CA-91B7-3323EFE8F1BB}.Release|Any CPU.Build.0 = Release|Any CPU
		{B6896B9D-9966-4332-BF8E-026087E34101}.Debug|Any CPU.ActiveCfg = Debug|Any CPU
		{B6896B9D-9966-4332-BF8E-026087E34101}.Debug|Any CPU.Build.0 = Debug|Any CPU
		{B6896B9D-9966-4332-BF8E-026087E34101}.Release|Any CPU.ActiveCfg = Release|Any CPU
		{B6896B9D-9966-4332-BF8E-026087E34101}.Release|Any CPU.Build.0 = Release|Any CPU
		{3D8E95C1-1704-4ECF-82B5-BB3CAFD54430}.Debug|Any CPU.ActiveCfg = Debug|Any CPU
		{3D8E95C1-1704-4ECF-82B5-BB3CAFD54430}.Debug|Any CPU.Build.0 = Debug|Any CPU
		{3D8E95C1-1704-4ECF-82B5-BB3CAFD54430}.Release|Any CPU.ActiveCfg = Release|Any CPU
		{3D8E95C1-1704-4ECF-82B5-BB3CAFD54430}.Release|Any CPU.Build.0 = Release|Any CPU
	EndGlobalSection
	GlobalSection(NestedProjects) = preSolution
		{0F097968-D143-4B8A-AC00-D250181F89EC} = {6AEAF43E-4665-4092-9103-9F649D6E1C0C}
		{8214EB0D-AD0E-47CA-91B7-3323EFE8F1BB} = {6AEAF43E-4665-4092-9103-9F649D6E1C0C}
		{B6896B9D-9966-4332-BF8E-026087E34101} = {6AEAF43E-4665-4092-9103-9F649D6E1C0C}
		{3D8E95C1-1704-4ECF-82B5-BB3CAFD54430} = {6AEAF43E-4665-4092-9103-9F649D6E1C0C}
	EndGlobalSection
EndGlobal
